// !$*UTF8*$!
{
	archiveVersion = 1;
	classes = {
	};
	objectVersion = 50;
	objects = {

/* Begin PBXBuildFile section */
		443F4E5625A90A1E0029FFEC /* FeedController.swift in Sources */ = {isa = PBXBuildFile; fileRef = 443F4E5525A90A1E0029FFEC /* FeedController.swift */; };
		4453FB2525A90B2400B20F69 /* FeedTableView.swift in Sources */ = {isa = PBXBuildFile; fileRef = 4453FB2425A90B2400B20F69 /* FeedTableView.swift */; };
		4453FB2925A90BD000B20F69 /* FeedTableViewCell.swift in Sources */ = {isa = PBXBuildFile; fileRef = 4453FB2825A90BD000B20F69 /* FeedTableViewCell.swift */; };
		44A6223D25A8EEA4000CE400 /* NavigationController.swift in Sources */ = {isa = PBXBuildFile; fileRef = 44A6223A25A8EE8F000CE400 /* NavigationController.swift */; };
		44A6223E25A8EEA4000CE400 /* TabBarController.swift in Sources */ = {isa = PBXBuildFile; fileRef = 44A6223B25A8EE8F000CE400 /* TabBarController.swift */; };
		44A6223F25A8EEA4000CE400 /* DetailController.swift in Sources */ = {isa = PBXBuildFile; fileRef = 44A6223425A8EE8F000CE400 /* DetailController.swift */; };
		A1B455F3259C9699002B1174 /* Env.plist in Resources */ = {isa = PBXBuildFile; fileRef = A1B455F2259C9699002B1174 /* Env.plist */; };
		A1B455F6259C971D002B1174 /* NetworkManager.swift in Sources */ = {isa = PBXBuildFile; fileRef = A1B455F5259C971D002B1174 /* NetworkManager.swift */; };
		A1B455FA25A1D843002B1174 /* PopularArticlesResponses.swift in Sources */ = {isa = PBXBuildFile; fileRef = A1B455F925A1D843002B1174 /* PopularArticlesResponses.swift */; };
		A1B455FE25A23E35002B1174 /* ArticlesByCategoryResponse.swift in Sources */ = {isa = PBXBuildFile; fileRef = A1B455FD25A23E35002B1174 /* ArticlesByCategoryResponse.swift */; };
		A1B4560125A31A90002B1174 /* CurrencyResponse.swift in Sources */ = {isa = PBXBuildFile; fileRef = A1B4560025A31A90002B1174 /* CurrencyResponse.swift */; };
		A1B4560625A39E22002B1174 /* SearchArticleResponse.swift in Sources */ = {isa = PBXBuildFile; fileRef = A1B4560525A39E22002B1174 /* SearchArticleResponse.swift */; };
		A1FBF33A2598C9E9003A8FE8 /* AppDelegate.swift in Sources */ = {isa = PBXBuildFile; fileRef = A1FBF3392598C9E9003A8FE8 /* AppDelegate.swift */; };
		A1FBF33C2598C9E9003A8FE8 /* SceneDelegate.swift in Sources */ = {isa = PBXBuildFile; fileRef = A1FBF33B2598C9E9003A8FE8 /* SceneDelegate.swift */; };
		A1FBF33E2598C9E9003A8FE8 /* ViewController.swift in Sources */ = {isa = PBXBuildFile; fileRef = A1FBF33D2598C9E9003A8FE8 /* ViewController.swift */; };
		A1FBF3412598C9E9003A8FE8 /* Main.storyboard in Resources */ = {isa = PBXBuildFile; fileRef = A1FBF33F2598C9E9003A8FE8 /* Main.storyboard */; };
		A1FBF3432598C9EA003A8FE8 /* Assets.xcassets in Resources */ = {isa = PBXBuildFile; fileRef = A1FBF3422598C9EA003A8FE8 /* Assets.xcassets */; };
		A1FBF3462598C9EA003A8FE8 /* LaunchScreen.storyboard in Resources */ = {isa = PBXBuildFile; fileRef = A1FBF3442598C9EA003A8FE8 /* LaunchScreen.storyboard */; };
		A1FBF3572598CC68003A8FE8 /* Article.swift in Sources */ = {isa = PBXBuildFile; fileRef = A1FBF3562598CC68003A8FE8 /* Article.swift */; };
		A1FBF35A2598CD65003A8FE8 /* Currency.swift in Sources */ = {isa = PBXBuildFile; fileRef = A1FBF3592598CD65003A8FE8 /* Currency.swift */; };
/* End PBXBuildFile section */

/* Begin PBXFileReference section */
		443F4E5525A90A1E0029FFEC /* FeedController.swift */ = {isa = PBXFileReference; lastKnownFileType = sourcecode.swift; path = FeedController.swift; sourceTree = "<group>"; };
		4453FB2425A90B2400B20F69 /* FeedTableView.swift */ = {isa = PBXFileReference; lastKnownFileType = sourcecode.swift; path = FeedTableView.swift; sourceTree = "<group>"; };
		4453FB2825A90BD000B20F69 /* FeedTableViewCell.swift */ = {isa = PBXFileReference; lastKnownFileType = sourcecode.swift; path = FeedTableViewCell.swift; sourceTree = "<group>"; };
		44A6223425A8EE8F000CE400 /* DetailController.swift */ = {isa = PBXFileReference; lastKnownFileType = sourcecode.swift; path = DetailController.swift; sourceTree = "<group>"; };
		44A6223625A8EE8F000CE400 /* SearchController.swift */ = {isa = PBXFileReference; lastKnownFileType = sourcecode.swift; path = SearchController.swift; sourceTree = "<group>"; };
		44A6223725A8EE8F000CE400 /* SearchTableView.swift */ = {isa = PBXFileReference; lastKnownFileType = sourcecode.swift; path = SearchTableView.swift; sourceTree = "<group>"; };
		44A6223825A8EE8F000CE400 /* SearchTableViewCell.swift */ = {isa = PBXFileReference; lastKnownFileType = sourcecode.swift; path = SearchTableViewCell.swift; sourceTree = "<group>"; };
		44A6223925A8EE8F000CE400 /* SearchController+UITableViewDataSource.swift */ = {isa = PBXFileReference; lastKnownFileType = sourcecode.swift; path = "SearchController+UITableViewDataSource.swift"; sourceTree = "<group>"; };
		44A6223A25A8EE8F000CE400 /* NavigationController.swift */ = {isa = PBXFileReference; lastKnownFileType = sourcecode.swift; path = NavigationController.swift; sourceTree = "<group>"; };
		44A6223B25A8EE8F000CE400 /* TabBarController.swift */ = {isa = PBXFileReference; lastKnownFileType = sourcecode.swift; path = TabBarController.swift; sourceTree = "<group>"; };
		A1B455F2259C9699002B1174 /* Env.plist */ = {isa = PBXFileReference; lastKnownFileType = text.plist.xml; path = Env.plist; sourceTree = "<group>"; };
		A1B455F5259C971D002B1174 /* NetworkManager.swift */ = {isa = PBXFileReference; lastKnownFileType = sourcecode.swift; path = NetworkManager.swift; sourceTree = "<group>"; };
		A1B455F925A1D843002B1174 /* PopularArticlesResponses.swift */ = {isa = PBXFileReference; lastKnownFileType = sourcecode.swift; path = PopularArticlesResponses.swift; sourceTree = "<group>"; };
		A1B455FD25A23E35002B1174 /* ArticlesByCategoryResponse.swift */ = {isa = PBXFileReference; lastKnownFileType = sourcecode.swift; path = ArticlesByCategoryResponse.swift; sourceTree = "<group>"; };
		A1B4560025A31A90002B1174 /* CurrencyResponse.swift */ = {isa = PBXFileReference; lastKnownFileType = sourcecode.swift; path = CurrencyResponse.swift; sourceTree = "<group>"; };
		A1B4560525A39E22002B1174 /* SearchArticleResponse.swift */ = {isa = PBXFileReference; lastKnownFileType = sourcecode.swift; path = SearchArticleResponse.swift; sourceTree = "<group>"; };
		A1FBF3362598C9E9003A8FE8 /* News.app */ = {isa = PBXFileReference; explicitFileType = wrapper.application; includeInIndex = 0; path = News.app; sourceTree = BUILT_PRODUCTS_DIR; };
		A1FBF3392598C9E9003A8FE8 /* AppDelegate.swift */ = {isa = PBXFileReference; lastKnownFileType = sourcecode.swift; path = AppDelegate.swift; sourceTree = "<group>"; };
		A1FBF33B2598C9E9003A8FE8 /* SceneDelegate.swift */ = {isa = PBXFileReference; lastKnownFileType = sourcecode.swift; path = SceneDelegate.swift; sourceTree = "<group>"; };
		A1FBF33D2598C9E9003A8FE8 /* ViewController.swift */ = {isa = PBXFileReference; lastKnownFileType = sourcecode.swift; path = ViewController.swift; sourceTree = "<group>"; };
		A1FBF3402598C9E9003A8FE8 /* Base */ = {isa = PBXFileReference; lastKnownFileType = file.storyboard; name = Base; path = Base.lproj/Main.storyboard; sourceTree = "<group>"; };
		A1FBF3422598C9EA003A8FE8 /* Assets.xcassets */ = {isa = PBXFileReference; lastKnownFileType = folder.assetcatalog; path = Assets.xcassets; sourceTree = "<group>"; };
		A1FBF3452598C9EA003A8FE8 /* Base */ = {isa = PBXFileReference; lastKnownFileType = file.storyboard; name = Base; path = Base.lproj/LaunchScreen.storyboard; sourceTree = "<group>"; };
		A1FBF3472598C9EA003A8FE8 /* Info.plist */ = {isa = PBXFileReference; lastKnownFileType = text.plist.xml; path = Info.plist; sourceTree = "<group>"; };
		A1FBF3562598CC68003A8FE8 /* Article.swift */ = {isa = PBXFileReference; lastKnownFileType = sourcecode.swift; path = Article.swift; sourceTree = "<group>"; };
		A1FBF3592598CD65003A8FE8 /* Currency.swift */ = {isa = PBXFileReference; lastKnownFileType = sourcecode.swift; path = Currency.swift; sourceTree = "<group>"; };
/* End PBXFileReference section */

/* Begin PBXFrameworksBuildPhase section */
		A1FBF3332598C9E9003A8FE8 /* Frameworks */ = {
			isa = PBXFrameworksBuildPhase;
			buildActionMask = 2147483647;
			files = (
			);
			runOnlyForDeploymentPostprocessing = 0;
		};
/* End PBXFrameworksBuildPhase section */

/* Begin PBXGroup section */
		4412A21025A741AB00F63DE8 /* Views */ = {
			isa = PBXGroup;
			children = (
				44A6223425A8EE8F000CE400 /* DetailController.swift */,
				44A6222F25A8EE8F000CE400 /* FeedController */,
				44A6223525A8EE8F000CE400 /* SearchController */,
				44A6223A25A8EE8F000CE400 /* NavigationController.swift */,
				44A6223B25A8EE8F000CE400 /* TabBarController.swift */,
			);
			path = Views;
			sourceTree = "<group>";
		};
		44A6222F25A8EE8F000CE400 /* FeedController */ = {
			isa = PBXGroup;
			children = (
				443F4E5525A90A1E0029FFEC /* FeedController.swift */,
				4453FB2425A90B2400B20F69 /* FeedTableView.swift */,
				4453FB2825A90BD000B20F69 /* FeedTableViewCell.swift */,
			);
			path = FeedController;
			sourceTree = "<group>";
		};
		44A6223525A8EE8F000CE400 /* SearchController */ = {
			isa = PBXGroup;
			children = (
				44A6223625A8EE8F000CE400 /* SearchController.swift */,
				44A6223725A8EE8F000CE400 /* SearchTableView.swift */,
				44A6223825A8EE8F000CE400 /* SearchTableViewCell.swift */,
				44A6223925A8EE8F000CE400 /* SearchController+UITableViewDataSource.swift */,
			);
			path = SearchController;
			sourceTree = "<group>";
		};
		A1B455F825A1D81C002B1174 /* Responses */ = {
			isa = PBXGroup;
			children = (
				A1B455F925A1D843002B1174 /* PopularArticlesResponses.swift */,
				A1B455FD25A23E35002B1174 /* ArticlesByCategoryResponse.swift */,
				A1B4560025A31A90002B1174 /* CurrencyResponse.swift */,
				A1B4560525A39E22002B1174 /* SearchArticleResponse.swift */,
			);
			path = Responses;
			sourceTree = "<group>";
		};
		A1FBF32D2598C9E9003A8FE8 = {
			isa = PBXGroup;
			children = (
				A1FBF3382598C9E9003A8FE8 /* News */,
				A1FBF3372598C9E9003A8FE8 /* Products */,
			);
			sourceTree = "<group>";
		};
		A1FBF3372598C9E9003A8FE8 /* Products */ = {
			isa = PBXGroup;
			children = (
				A1FBF3362598C9E9003A8FE8 /* News.app */,
			);
			name = Products;
			sourceTree = "<group>";
		};
		A1FBF3382598C9E9003A8FE8 /* News */ = {
			isa = PBXGroup;
			children = (
				A1FBF3532598CA3C003A8FE8 /* Models */,
				A1FBF3522598CA36003A8FE8 /* Services */,
				A1FBF3502598CA29003A8FE8 /* Storyboards */,
				A1FBF34F2598CA1B003A8FE8 /* Supports */,
				A1FBF34E2598CA13003A8FE8 /* Screens */,
				A1FBF3472598C9EA003A8FE8 /* Info.plist */,
				A1B455F2259C9699002B1174 /* Env.plist */,
				4412A21025A741AB00F63DE8 /* Views */,
			);
			path = News;
			sourceTree = "<group>";
		};
		A1FBF34E2598CA13003A8FE8 /* Screens */ = {
			isa = PBXGroup;
			children = (
				A1FBF33D2598C9E9003A8FE8 /* ViewController.swift */,
			);
			path = Screens;
			sourceTree = "<group>";
		};
		A1FBF34F2598CA1B003A8FE8 /* Supports */ = {
			isa = PBXGroup;
			children = (
				A1FBF3422598C9EA003A8FE8 /* Assets.xcassets */,
				A1FBF3392598C9E9003A8FE8 /* AppDelegate.swift */,
				A1FBF33B2598C9E9003A8FE8 /* SceneDelegate.swift */,
			);
			path = Supports;
			sourceTree = "<group>";
		};
		A1FBF3502598CA29003A8FE8 /* Storyboards */ = {
			isa = PBXGroup;
			children = (
				A1FBF33F2598C9E9003A8FE8 /* Main.storyboard */,
				A1FBF3442598C9EA003A8FE8 /* LaunchScreen.storyboard */,
			);
			path = Storyboards;
			sourceTree = "<group>";
		};
		A1FBF3522598CA36003A8FE8 /* Services */ = {
			isa = PBXGroup;
			children = (
				A1B455F5259C971D002B1174 /* NetworkManager.swift */,
			);
			path = Services;
			sourceTree = "<group>";
		};
		A1FBF3532598CA3C003A8FE8 /* Models */ = {
			isa = PBXGroup;
			children = (
				A1B455F825A1D81C002B1174 /* Responses */,
				A1FBF3562598CC68003A8FE8 /* Article.swift */,
				A1FBF3592598CD65003A8FE8 /* Currency.swift */,
			);
			path = Models;
			sourceTree = "<group>";
		};
/* End PBXGroup section */

/* Begin PBXNativeTarget section */
		A1FBF3352598C9E9003A8FE8 /* News */ = {
			isa = PBXNativeTarget;
			buildConfigurationList = A1FBF34A2598C9EA003A8FE8 /* Build configuration list for PBXNativeTarget "News" */;
			buildPhases = (
				A1FBF3322598C9E9003A8FE8 /* Sources */,
				A1FBF3332598C9E9003A8FE8 /* Frameworks */,
				A1FBF3342598C9E9003A8FE8 /* Resources */,
			);
			buildRules = (
			);
			dependencies = (
			);
			name = News;
			productName = News;
			productReference = A1FBF3362598C9E9003A8FE8 /* News.app */;
			productType = "com.apple.product-type.application";
		};
/* End PBXNativeTarget section */

/* Begin PBXProject section */
		A1FBF32E2598C9E9003A8FE8 /* Project object */ = {
			isa = PBXProject;
			attributes = {
				LastSwiftUpdateCheck = 1220;
				LastUpgradeCheck = 1220;
				TargetAttributes = {
					A1FBF3352598C9E9003A8FE8 = {
						CreatedOnToolsVersion = 12.2;
					};
				};
			};
			buildConfigurationList = A1FBF3312598C9E9003A8FE8 /* Build configuration list for PBXProject "News" */;
			compatibilityVersion = "Xcode 9.3";
			developmentRegion = en;
			hasScannedForEncodings = 0;
			knownRegions = (
				en,
				Base,
			);
			mainGroup = A1FBF32D2598C9E9003A8FE8;
			productRefGroup = A1FBF3372598C9E9003A8FE8 /* Products */;
			projectDirPath = "";
			projectRoot = "";
			targets = (
				A1FBF3352598C9E9003A8FE8 /* News */,
			);
		};
/* End PBXProject section */

/* Begin PBXResourcesBuildPhase section */
		A1FBF3342598C9E9003A8FE8 /* Resources */ = {
			isa = PBXResourcesBuildPhase;
			buildActionMask = 2147483647;
			files = (
				A1FBF3462598C9EA003A8FE8 /* LaunchScreen.storyboard in Resources */,
				A1B455F3259C9699002B1174 /* Env.plist in Resources */,
				A1FBF3432598C9EA003A8FE8 /* Assets.xcassets in Resources */,
				A1FBF3412598C9E9003A8FE8 /* Main.storyboard in Resources */,
			);
			runOnlyForDeploymentPostprocessing = 0;
		};
/* End PBXResourcesBuildPhase section */

/* Begin PBXSourcesBuildPhase section */
		A1FBF3322598C9E9003A8FE8 /* Sources */ = {
			isa = PBXSourcesBuildPhase;
			buildActionMask = 2147483647;
			files = (
				A1B4560125A31A90002B1174 /* CurrencyResponse.swift in Sources */,
				A1B4560625A39E22002B1174 /* SearchArticleResponse.swift in Sources */,
				A1B455F6259C971D002B1174 /* NetworkManager.swift in Sources */,
				A1FBF3572598CC68003A8FE8 /* Article.swift in Sources */,
				44A6223E25A8EEA4000CE400 /* TabBarController.swift in Sources */,
				A1FBF35A2598CD65003A8FE8 /* Currency.swift in Sources */,
				A1B455FA25A1D843002B1174 /* PopularArticlesResponses.swift in Sources */,
				A1B455FE25A23E35002B1174 /* ArticlesByCategoryResponse.swift in Sources */,
				44A6223D25A8EEA4000CE400 /* NavigationController.swift in Sources */,
				4453FB2925A90BD000B20F69 /* FeedTableViewCell.swift in Sources */,
				A1FBF33E2598C9E9003A8FE8 /* ViewController.swift in Sources */,
				44A6223F25A8EEA4000CE400 /* DetailController.swift in Sources */,
				A1FBF33A2598C9E9003A8FE8 /* AppDelegate.swift in Sources */,
				A1FBF33C2598C9E9003A8FE8 /* SceneDelegate.swift in Sources */,
				4453FB2525A90B2400B20F69 /* FeedTableView.swift in Sources */,
				443F4E5625A90A1E0029FFEC /* FeedController.swift in Sources */,
			);
			runOnlyForDeploymentPostprocessing = 0;
		};
/* End PBXSourcesBuildPhase section */

/* Begin PBXVariantGroup section */
		A1FBF33F2598C9E9003A8FE8 /* Main.storyboard */ = {
			isa = PBXVariantGroup;
			children = (
				A1FBF3402598C9E9003A8FE8 /* Base */,
			);
			name = Main.storyboard;
			sourceTree = "<group>";
		};
		A1FBF3442598C9EA003A8FE8 /* LaunchScreen.storyboard */ = {
			isa = PBXVariantGroup;
			children = (
				A1FBF3452598C9EA003A8FE8 /* Base */,
			);
			name = LaunchScreen.storyboard;
			sourceTree = "<group>";
		};
/* End PBXVariantGroup section */

/* Begin XCBuildConfiguration section */
		A1FBF3482598C9EA003A8FE8 /* Debug */ = {
			isa = XCBuildConfiguration;
			buildSettings = {
				ALWAYS_SEARCH_USER_PATHS = NO;
				CLANG_ANALYZER_NONNULL = YES;
				CLANG_ANALYZER_NUMBER_OBJECT_CONVERSION = YES_AGGRESSIVE;
				CLANG_CXX_LANGUAGE_STANDARD = "gnu++14";
				CLANG_CXX_LIBRARY = "libc++";
				CLANG_ENABLE_MODULES = YES;
				CLANG_ENABLE_OBJC_ARC = YES;
				CLANG_ENABLE_OBJC_WEAK = YES;
				CLANG_WARN_BLOCK_CAPTURE_AUTORELEASING = YES;
				CLANG_WARN_BOOL_CONVERSION = YES;
				CLANG_WARN_COMMA = YES;
				CLANG_WARN_CONSTANT_CONVERSION = YES;
				CLANG_WARN_DEPRECATED_OBJC_IMPLEMENTATIONS = YES;
				CLANG_WARN_DIRECT_OBJC_ISA_USAGE = YES_ERROR;
				CLANG_WARN_DOCUMENTATION_COMMENTS = YES;
				CLANG_WARN_EMPTY_BODY = YES;
				CLANG_WARN_ENUM_CONVERSION = YES;
				CLANG_WARN_INFINITE_RECURSION = YES;
				CLANG_WARN_INT_CONVERSION = YES;
				CLANG_WARN_NON_LITERAL_NULL_CONVERSION = YES;
				CLANG_WARN_OBJC_IMPLICIT_RETAIN_SELF = YES;
				CLANG_WARN_OBJC_LITERAL_CONVERSION = YES;
				CLANG_WARN_OBJC_ROOT_CLASS = YES_ERROR;
				CLANG_WARN_QUOTED_INCLUDE_IN_FRAMEWORK_HEADER = YES;
				CLANG_WARN_RANGE_LOOP_ANALYSIS = YES;
				CLANG_WARN_STRICT_PROTOTYPES = YES;
				CLANG_WARN_SUSPICIOUS_MOVE = YES;
				CLANG_WARN_UNGUARDED_AVAILABILITY = YES_AGGRESSIVE;
				CLANG_WARN_UNREACHABLE_CODE = YES;
				CLANG_WARN__DUPLICATE_METHOD_MATCH = YES;
				COPY_PHASE_STRIP = NO;
				DEBUG_INFORMATION_FORMAT = dwarf;
				ENABLE_STRICT_OBJC_MSGSEND = YES;
				ENABLE_TESTABILITY = YES;
				GCC_C_LANGUAGE_STANDARD = gnu11;
				GCC_DYNAMIC_NO_PIC = NO;
				GCC_NO_COMMON_BLOCKS = YES;
				GCC_OPTIMIZATION_LEVEL = 0;
				GCC_PREPROCESSOR_DEFINITIONS = (
					"DEBUG=1",
					"$(inherited)",
				);
				GCC_WARN_64_TO_32_BIT_CONVERSION = YES;
				GCC_WARN_ABOUT_RETURN_TYPE = YES_ERROR;
				GCC_WARN_UNDECLARED_SELECTOR = YES;
				GCC_WARN_UNINITIALIZED_AUTOS = YES_AGGRESSIVE;
				GCC_WARN_UNUSED_FUNCTION = YES;
				GCC_WARN_UNUSED_VARIABLE = YES;
				IPHONEOS_DEPLOYMENT_TARGET = 14.0;
				MTL_ENABLE_DEBUG_INFO = INCLUDE_SOURCE;
				MTL_FAST_MATH = YES;
				ONLY_ACTIVE_ARCH = YES;
				SDKROOT = iphoneos;
				SWIFT_ACTIVE_COMPILATION_CONDITIONS = DEBUG;
				SWIFT_OPTIMIZATION_LEVEL = "-Onone";
			};
			name = Debug;
		};
		A1FBF3492598C9EA003A8FE8 /* Release */ = {
			isa = XCBuildConfiguration;
			buildSettings = {
				ALWAYS_SEARCH_USER_PATHS = NO;
				CLANG_ANALYZER_NONNULL = YES;
				CLANG_ANALYZER_NUMBER_OBJECT_CONVERSION = YES_AGGRESSIVE;
				CLANG_CXX_LANGUAGE_STANDARD = "gnu++14";
				CLANG_CXX_LIBRARY = "libc++";
				CLANG_ENABLE_MODULES = YES;
				CLANG_ENABLE_OBJC_ARC = YES;
				CLANG_ENABLE_OBJC_WEAK = YES;
				CLANG_WARN_BLOCK_CAPTURE_AUTORELEASING = YES;
				CLANG_WARN_BOOL_CONVERSION = YES;
				CLANG_WARN_COMMA = YES;
				CLANG_WARN_CONSTANT_CONVERSION = YES;
				CLANG_WARN_DEPRECATED_OBJC_IMPLEMENTATIONS = YES;
				CLANG_WARN_DIRECT_OBJC_ISA_USAGE = YES_ERROR;
				CLANG_WARN_DOCUMENTATION_COMMENTS = YES;
				CLANG_WARN_EMPTY_BODY = YES;
				CLANG_WARN_ENUM_CONVERSION = YES;
				CLANG_WARN_INFINITE_RECURSION = YES;
				CLANG_WARN_INT_CONVERSION = YES;
				CLANG_WARN_NON_LITERAL_NULL_CONVERSION = YES;
				CLANG_WARN_OBJC_IMPLICIT_RETAIN_SELF = YES;
				CLANG_WARN_OBJC_LITERAL_CONVERSION = YES;
				CLANG_WARN_OBJC_ROOT_CLASS = YES_ERROR;
				CLANG_WARN_QUOTED_INCLUDE_IN_FRAMEWORK_HEADER = YES;
				CLANG_WARN_RANGE_LOOP_ANALYSIS = YES;
				CLANG_WARN_STRICT_PROTOTYPES = YES;
				CLANG_WARN_SUSPICIOUS_MOVE = YES;
				CLANG_WARN_UNGUARDED_AVAILABILITY = YES_AGGRESSIVE;
				CLANG_WARN_UNREACHABLE_CODE = YES;
				CLANG_WARN__DUPLICATE_METHOD_MATCH = YES;
				COPY_PHASE_STRIP = NO;
				DEBUG_INFORMATION_FORMAT = "dwarf-with-dsym";
				ENABLE_NS_ASSERTIONS = NO;
				ENABLE_STRICT_OBJC_MSGSEND = YES;
				GCC_C_LANGUAGE_STANDARD = gnu11;
				GCC_NO_COMMON_BLOCKS = YES;
				GCC_WARN_64_TO_32_BIT_CONVERSION = YES;
				GCC_WARN_ABOUT_RETURN_TYPE = YES_ERROR;
				GCC_WARN_UNDECLARED_SELECTOR = YES;
				GCC_WARN_UNINITIALIZED_AUTOS = YES_AGGRESSIVE;
				GCC_WARN_UNUSED_FUNCTION = YES;
				GCC_WARN_UNUSED_VARIABLE = YES;
				IPHONEOS_DEPLOYMENT_TARGET = 14.0;
				MTL_ENABLE_DEBUG_INFO = NO;
				MTL_FAST_MATH = YES;
				SDKROOT = iphoneos;
				SWIFT_COMPILATION_MODE = wholemodule;
				SWIFT_OPTIMIZATION_LEVEL = "-O";
				VALIDATE_PRODUCT = YES;
			};
			name = Release;
		};
		A1FBF34B2598C9EA003A8FE8 /* Debug */ = {
			isa = XCBuildConfiguration;
			buildSettings = {
				ASSETCATALOG_COMPILER_APPICON_NAME = AppIcon;
				ASSETCATALOG_COMPILER_GLOBAL_ACCENT_COLOR_NAME = AccentColor;
				CODE_SIGN_STYLE = Automatic;
				DEVELOPMENT_TEAM = 9K6D2GU5X4;
				INFOPLIST_FILE = News/Info.plist;
				IPHONEOS_DEPLOYMENT_TARGET = 14.0;
				LD_RUNPATH_SEARCH_PATHS = (
					"$(inherited)",
					"@executable_path/Frameworks",
				);
				PRODUCT_BUNDLE_IDENTIFIER = news.swiftbook.team.News;
				PRODUCT_NAME = "$(TARGET_NAME)";
				SWIFT_VERSION = 5.0;
				TARGETED_DEVICE_FAMILY = 1;
			};
			name = Debug;
		};
		A1FBF34C2598C9EA003A8FE8 /* Release */ = {
			isa = XCBuildConfiguration;
			buildSettings = {
				ASSETCATALOG_COMPILER_APPICON_NAME = AppIcon;
				ASSETCATALOG_COMPILER_GLOBAL_ACCENT_COLOR_NAME = AccentColor;
				CODE_SIGN_STYLE = Automatic;
				DEVELOPMENT_TEAM = 9K6D2GU5X4;
				INFOPLIST_FILE = News/Info.plist;
				IPHONEOS_DEPLOYMENT_TARGET = 14.0;
				LD_RUNPATH_SEARCH_PATHS = (
					"$(inherited)",
					"@executable_path/Frameworks",
				);
				PRODUCT_BUNDLE_IDENTIFIER = news.swiftbook.team.News;
				PRODUCT_NAME = "$(TARGET_NAME)";
				SWIFT_VERSION = 5.0;
				TARGETED_DEVICE_FAMILY = 1;
			};
			name = Release;
		};
/* End XCBuildConfiguration section */

/* Begin XCConfigurationList section */
		A1FBF3312598C9E9003A8FE8 /* Build configuration list for PBXProject "News" */ = {
			isa = XCConfigurationList;
			buildConfigurations = (
				A1FBF3482598C9EA003A8FE8 /* Debug */,
				A1FBF3492598C9EA003A8FE8 /* Release */,
			);
			defaultConfigurationIsVisible = 0;
			defaultConfigurationName = Release;
		};
		A1FBF34A2598C9EA003A8FE8 /* Build configuration list for PBXNativeTarget "News" */ = {
			isa = XCConfigurationList;
			buildConfigurations = (
				A1FBF34B2598C9EA003A8FE8 /* Debug */,
				A1FBF34C2598C9EA003A8FE8 /* Release */,
			);
			defaultConfigurationIsVisible = 0;
			defaultConfigurationName = Release;
		};
/* End XCConfigurationList section */
	};
	rootObject = A1FBF32E2598C9E9003A8FE8 /* Project object */;
}
